
Microsoft Visual Studio Solution File, Format Version 12.00
# Visual Studio Version 17
VisualStudioVersion = 17.10.35013.160
MinimumVisualStudioVersion = 10.0.40219.1
Project("{FAE04EC0-301F-11D3-BF4B-00C04F79EFBC}") = "ExamLM", "ExamLM.csproj", "{1F76F49E-166F-46F5-8EDC-26748A35A7F8}"
EndProject
Global
	GlobalSection(SolutionConfigurationPlatforms) = preSolution
		Debug|Any CPU = Debug|Any CPU
		Release|Any CPU = Release|Any CPU
	EndGlobalSection
	GlobalSection(ProjectConfigurationPlatforms) = postSolution
		{1F76F49E-166F-46F5-8EDC-26748A35A7F8}.Debug|Any CPU.ActiveCfg = Debug|Any CPU
		{1F76F49E-166F-46F5-8EDC-26748A35A7F8}.Debug|Any CPU.Build.0 = Debug|Any CPU
		{1F76F49E-166F-46F5-8EDC-26748A35A7F8}.Release|Any CPU.ActiveCfg = Release|Any CPU
		{1F76F49E-166F-46F5-8EDC-26748A35A7F8}.Release|Any CPU.Build.0 = Release|Any CPU
	EndGlobalSection
	GlobalSection(SolutionProperties) = preSolution
		HideSolutionNode = FALSE
	EndGlobalSection
	GlobalSection(ExtensibilityGlobals) = postSolution
		SolutionGuid = {B114E1FE-DC5E-4F0D-A320-289D397F818F}
	EndGlobalSection
EndGlobal
